
Microsoft Visual Studio Solution File, Format Version 12.00
# Visual Studio 2013
VisualStudioVersion = 12.0.30723.0
MinimumVisualStudioVersion = 10.0.40219.1
Project("{FAE04EC0-301F-11D3-BF4B-00C04F79EFBC}") = "UnitTestProject1", "UnitTestProject1\UnitTestProject1.csproj", "{EE853279-25CE-4DC1-B63F-897D8CDFEA9A}"
EndProject
Project("{FAE04EC0-301F-11D3-BF4B-00C04F79EFBC}") = "Reto5", "Reto5\Reto5.csproj", "{24F33325-AFFD-4C65-80C2-EED0907D2FF0}"
EndProject
Global
	GlobalSection(SolutionConfigurationPlatforms) = preSolution
		Debug|Any CPU = Debug|Any CPU
		Release|Any CPU = Release|Any CPU
	EndGlobalSection
	GlobalSection(ProjectConfigurationPlatforms) = postSolution
		{EE853279-25CE-4DC1-B63F-897D8CDFEA9A}.Debug|Any CPU.ActiveCfg = Debug|Any CPU
		{EE853279-25CE-4DC1-B63F-897D8CDFEA9A}.Debug|Any CPU.Build.0 = Debug|Any CPU
		{EE853279-25CE-4DC1-B63F-897D8CDFEA9A}.Release|Any CPU.ActiveCfg = Release|Any CPU
		{EE853279-25CE-4DC1-B63F-897D8CDFEA9A}.Release|Any CPU.Build.0 = Release|Any CPU
		{24F33325-AFFD-4C65-80C2-EED0907D2FF0}.Debug|Any CPU.ActiveCfg = Debug|Any CPU
		{24F33325-AFFD-4C65-80C2-EED0907D2FF0}.Debug|Any CPU.Build.0 = Debug|Any CPU
		{24F33325-AFFD-4C65-80C2-EED0907D2FF0}.Release|Any CPU.ActiveCfg = Release|Any CPU
		{24F33325-AFFD-4C65-80C2-EED0907D2FF0}.Release|Any CPU.Build.0 = Release|Any CPU
	EndGlobalSection
	GlobalSection(SolutionProperties) = preSolution
		HideSolutionNode = FALSE
	EndGlobalSection
EndGlobal
